
Microsoft Visual Studio Solution File, Format Version 12.00
# Visual Studio Version 17
VisualStudioVersion = 17.7.34221.43
MinimumVisualStudioVersion = 10.0.40219.1
Project("{FAE04EC0-301F-11D3-BF4B-00C04F79EFBC}") = "智慧大鹏", "智慧大鹏\智慧大鹏.csproj", "{2907DAF5-4EB6-4801-9A65-5DC45679C417}"
EndProject
Global
	GlobalSection(SolutionConfigurationPlatforms) = preSolution
		Debug|Any CPU = Debug|Any CPU
		Release|Any CPU = Release|Any CPU
	EndGlobalSection
	GlobalSection(ProjectConfigurationPlatforms) = postSolution
		{2907DAF5-4EB6-4801-9A65-5DC45679C417}.Debug|Any CPU.ActiveCfg = Debug|Any CPU
		{2907DAF5-4EB6-4801-9A65-5DC45679C417}.Debug|Any CPU.Build.0 = Debug|Any CPU
		{2907DAF5-4EB6-4801-9A65-5DC45679C417}.Release|Any CPU.ActiveCfg = Release|Any CPU
		{2907DAF5-4EB6-4801-9A65-5DC45679C417}.Release|Any CPU.Build.0 = Release|Any CPU
	EndGlobalSection
	GlobalSection(SolutionProperties) = preSolution
		HideSolutionNode = FALSE
	EndGlobalSection
	GlobalSection(ExtensibilityGlobals) = postSolution
		SolutionGuid = {948E9649-5A13-4DB5-82D0-552DF7898E84}
	EndGlobalSection
EndGlobal
